
Microsoft Visual Studio Solution File, Format Version 12.00
# Visual Studio Version 16
VisualStudioVersion = 16.0.31729.503
MinimumVisualStudioVersion = 10.0.40219.1
Project("{9A19103F-16F7-4668-BE54-9A1E7A4F7556}") = "001", "001\001.csproj", "{D01C8EB8-27F2-489D-8345-4E4998CE9DD5}"
EndProject
Project("{9A19103F-16F7-4668-BE54-9A1E7A4F7556}") = "002", "002\002.csproj", "{7FC373AC-9B31-404B-8DFD-67F35A3BE996}"
EndProject
Project("{9A19103F-16F7-4668-BE54-9A1E7A4F7556}") = "003", "003\003.csproj", "{35F13407-9743-4679-8845-00646EBAF938}"
EndProject
Project("{9A19103F-16F7-4668-BE54-9A1E7A4F7556}") = "004", "004\004.csproj", "{AD8E7545-3A42-4CE0-8CCF-0CAFA7F9AAE0}"
EndProject
Project("{9A19103F-16F7-4668-BE54-9A1E7A4F7556}") = "005", "005\005.csproj", "{369C08DF-2550-40AD-BDCB-FB86D821B8A1}"
EndProject
Project("{9A19103F-16F7-4668-BE54-9A1E7A4F7556}") = "006", "006\006.csproj", "{42CF38DB-BC31-41C7-876E-66220973C70B}"
EndProject
Project("{FAE04EC0-301F-11D3-BF4B-00C04F79EFBC}") = "007", "007\007.csproj", "{0F1FA072-EB20-4497-A31E-7230A3D89ECF}"
EndProject
Global
	GlobalSection(SolutionConfigurationPlatforms) = preSolution
		Debug|Any CPU = Debug|Any CPU
		Release|Any CPU = Release|Any CPU
	EndGlobalSection
	GlobalSection(ProjectConfigurationPlatforms) = postSolution
		{D01C8EB8-27F2-489D-8345-4E4998CE9DD5}.Debug|Any CPU.ActiveCfg = Debug|Any CPU
		{D01C8EB8-27F2-489D-8345-4E4998CE9DD5}.Debug|Any CPU.Build.0 = Debug|Any CPU
		{D01C8EB8-27F2-489D-8345-4E4998CE9DD5}.Release|Any CPU.ActiveCfg = Release|Any CPU
		{D01C8EB8-27F2-489D-8345-4E4998CE9DD5}.Release|Any CPU.Build.0 = Release|Any CPU
		{7FC373AC-9B31-404B-8DFD-67F35A3BE996}.Debug|Any CPU.ActiveCfg = Debug|Any CPU
		{7FC373AC-9B31-404B-8DFD-67F35A3BE996}.Debug|Any CPU.Build.0 = Debug|Any CPU
		{7FC373AC-9B31-404B-8DFD-67F35A3BE996}.Release|Any CPU.ActiveCfg = Release|Any CPU
		{7FC373AC-9B31-404B-8DFD-67F35A3BE996}.Release|Any CPU.Build.0 = Release|Any CPU
		{35F13407-9743-4679-8845-00646EBAF938}.Debug|Any CPU.ActiveCfg = Debug|Any CPU
		{35F13407-9743-4679-8845-00646EBAF938}.Debug|Any CPU.Build.0 = Debug|Any CPU
		{35F13407-9743-4679-8845-00646EBAF938}.Release|Any CPU.ActiveCfg = Release|Any CPU
		{35F13407-9743-4679-8845-00646EBAF938}.Release|Any CPU.Build.0 = Release|Any CPU
		{AD8E7545-3A42-4CE0-8CCF-0CAFA7F9AAE0}.Debug|Any CPU.ActiveCfg = Debug|Any CPU
		{AD8E7545-3A42-4CE0-8CCF-0CAFA7F9AAE0}.Debug|Any CPU.Build.0 = Debug|Any CPU
		{AD8E7545-3A42-4CE0-8CCF-0CAFA7F9AAE0}.Release|Any CPU.ActiveCfg = Release|Any CPU
		{AD8E7545-3A42-4CE0-8CCF-0CAFA7F9AAE0}.Release|Any CPU.Build.0 = Release|Any CPU
		{369C08DF-2550-40AD-BDCB-FB86D821B8A1}.Debug|Any CPU.ActiveCfg = Debug|Any CPU
		{369C08DF-2550-40AD-BDCB-FB86D821B8A1}.Debug|Any CPU.Build.0 = Debug|Any CPU
		{369C08DF-2550-40AD-BDCB-FB86D821B8A1}.Release|Any CPU.ActiveCfg = Release|Any CPU
		{369C08DF-2550-40AD-BDCB-FB86D821B8A1}.Release|Any CPU.Build.0 = Release|Any CPU
		{42CF38DB-BC31-41C7-876E-66220973C70B}.Debug|Any CPU.ActiveCfg = Debug|Any CPU
		{42CF38DB-BC31-41C7-876E-66220973C70B}.Debug|Any CPU.Build.0 = Debug|Any CPU
		{42CF38DB-BC31-41C7-876E-66220973C70B}.Release|Any CPU.ActiveCfg = Release|Any CPU
		{42CF38DB-BC31-41C7-876E-66220973C70B}.Release|Any CPU.Build.0 = Release|Any CPU
		{0F1FA072-EB20-4497-A31E-7230A3D89ECF}.Debug|Any CPU.ActiveCfg = Debug|Any CPU
		{0F1FA072-EB20-4497-A31E-7230A3D89ECF}.Debug|Any CPU.Build.0 = Debug|Any CPU
		{0F1FA072-EB20-4497-A31E-7230A3D89ECF}.Release|Any CPU.ActiveCfg = Release|Any CPU
		{0F1FA072-EB20-4497-A31E-7230A3D89ECF}.Release|Any CPU.Build.0 = Release|Any CPU
	EndGlobalSection
	GlobalSection(SolutionProperties) = preSolution
		HideSolutionNode = FALSE
	EndGlobalSection
	GlobalSection(ExtensibilityGlobals) = postSolution
		SolutionGuid = {A27C006E-BBCC-4B7D-AEB8-CE0E96EE16D9}
	EndGlobalSection
EndGlobal
